// !$*UTF8*$!
{
	archiveVersion = 1;
	classes = {
	};
	objectVersion = 46;
	objects = {

/* Begin PBXBuildFile section */
		076E37DA9C7CCBFD423B8EEE /* libPods.a in Frameworks */ = {isa = PBXBuildFile; fileRef = 5E49E3AF911E7285CCD65770 /* libPods.a */; };
		13D8F9B78B7C0ABABA1DDC82 /* libPods-DubSwag.a in Frameworks */ = {isa = PBXBuildFile; fileRef = 4D09EC600F49742688575ECF /* libPods-DubSwag.a */; };
		9416AA901B70CBCF00EB57A3 /* NavigationDrawerViewController.swift in Sources */ = {isa = PBXBuildFile; fileRef = 9416AA8F1B70CBCF00EB57A3 /* NavigationDrawerViewController.swift */; };
		9473D8781B6F8D0800B076ED /* ParseFacebookUtilsV4.framework in Frameworks */ = {isa = PBXBuildFile; fileRef = 9473D8761B6F8D0800B076ED /* ParseFacebookUtilsV4.framework */; };
		9473D87A1B6FA1D700B076ED /* selectVideoFrom.storyboard in Resources */ = {isa = PBXBuildFile; fileRef = 9473D8791B6FA1D700B076ED /* selectVideoFrom.storyboard */; };
		9473D87C1B6FA22A00B076ED /* SelectVideoFromViewController.swift in Sources */ = {isa = PBXBuildFile; fileRef = 9473D87B1B6FA22A00B076ED /* SelectVideoFromViewController.swift */; };
		9473D87E1B6FAA0300B076ED /* Router.swift in Sources */ = {isa = PBXBuildFile; fileRef = 9473D87D1B6FAA0300B076ED /* Router.swift */; };
		9473D8821B6FBAAE00B076ED /* FBUtility.swift in Sources */ = {isa = PBXBuildFile; fileRef = 9473D8811B6FBAAE00B076ED /* FBUtility.swift */; };
		949F687A1B6A76F900C9AD48 /* AppDelegate.swift in Sources */ = {isa = PBXBuildFile; fileRef = 949F68791B6A76F900C9AD48 /* AppDelegate.swift */; };
		949F687C1B6A76F900C9AD48 /* ViewController.swift in Sources */ = {isa = PBXBuildFile; fileRef = 949F687B1B6A76F900C9AD48 /* ViewController.swift */; };
		949F687F1B6A76F900C9AD48 /* Main.storyboard in Resources */ = {isa = PBXBuildFile; fileRef = 949F687D1B6A76F900C9AD48 /* Main.storyboard */; };
		949F68811B6A76F900C9AD48 /* Images.xcassets in Resources */ = {isa = PBXBuildFile; fileRef = 949F68801B6A76F900C9AD48 /* Images.xcassets */; };
		949F68841B6A76F900C9AD48 /* LaunchScreen.xib in Resources */ = {isa = PBXBuildFile; fileRef = 949F68821B6A76F900C9AD48 /* LaunchScreen.xib */; };
		949F68901B6A76F900C9AD48 /* DubSwagTests.swift in Sources */ = {isa = PBXBuildFile; fileRef = 949F688F1B6A76F900C9AD48 /* DubSwagTests.swift */; };
		94CD56B01B723FF5007EDEF6 /* DataManager.swift in Sources */ = {isa = PBXBuildFile; fileRef = 94CD56AF1B723FF5007EDEF6 /* DataManager.swift */; };
		94CD56B21B724F2A007EDEF6 /* CategorySelectionViewController.swift in Sources */ = {isa = PBXBuildFile; fileRef = 94CD56B11B724F2A007EDEF6 /* CategorySelectionViewController.swift */; };
		94CD56B41B735E92007EDEF6 /* Category.swift in Sources */ = {isa = PBXBuildFile; fileRef = 94CD56B31B735E92007EDEF6 /* Category.swift */; };
		94CD56B61B73718C007EDEF6 /* ParseManager.swift in Sources */ = {isa = PBXBuildFile; fileRef = 94CD56B51B73718C007EDEF6 /* ParseManager.swift */; };
		94CD56B81B73A6E8007EDEF6 /* ListOfCategoryVideos.storyboard in Resources */ = {isa = PBXBuildFile; fileRef = 94CD56B71B73A6E8007EDEF6 /* ListOfCategoryVideos.storyboard */; };
		94CD56BA1B73AB79007EDEF6 /* ListofCategoryVideosViewController.swift in Sources */ = {isa = PBXBuildFile; fileRef = 94CD56B91B73AB79007EDEF6 /* ListofCategoryVideosViewController.swift */; };
		94CD56BC1B73ABDF007EDEF6 /* VideoTableViewCell.swift in Sources */ = {isa = PBXBuildFile; fileRef = 94CD56BB1B73ABDF007EDEF6 /* VideoTableViewCell.swift */; };
		94CD56BE1B73AF0C007EDEF6 /* UserVideos.swift in Sources */ = {isa = PBXBuildFile; fileRef = 94CD56BD1B73AF0C007EDEF6 /* UserVideos.swift */; };
/* End PBXBuildFile section */

/* Begin PBXContainerItemProxy section */
		949F688A1B6A76F900C9AD48 /* PBXContainerItemProxy */ = {
			isa = PBXContainerItemProxy;
			containerPortal = 949F686C1B6A76F900C9AD48 /* Project object */;
			proxyType = 1;
			remoteGlobalIDString = 949F68731B6A76F900C9AD48;
			remoteInfo = DubSwag;
		};
/* End PBXContainerItemProxy section */

/* Begin PBXFileReference section */
		4D09EC600F49742688575ECF /* libPods-DubSwag.a */ = {isa = PBXFileReference; explicitFileType = archive.ar; includeInIndex = 0; path = "libPods-DubSwag.a"; sourceTree = BUILT_PRODUCTS_DIR; };
		4F7CCAAF116F02900487F269 /* Pods-DubSwag.release.xcconfig */ = {isa = PBXFileReference; includeInIndex = 1; lastKnownFileType = text.xcconfig; name = "Pods-DubSwag.release.xcconfig"; path = "Pods/Target Support Files/Pods-DubSwag/Pods-DubSwag.release.xcconfig"; sourceTree = "<group>"; };
		5E49E3AF911E7285CCD65770 /* libPods.a */ = {isa = PBXFileReference; explicitFileType = archive.ar; includeInIndex = 0; path = libPods.a; sourceTree = BUILT_PRODUCTS_DIR; };
		9416AA8F1B70CBCF00EB57A3 /* NavigationDrawerViewController.swift */ = {isa = PBXFileReference; fileEncoding = 4; lastKnownFileType = sourcecode.swift; path = NavigationDrawerViewController.swift; sourceTree = "<group>"; };
		9473D8761B6F8D0800B076ED /* ParseFacebookUtilsV4.framework */ = {isa = PBXFileReference; lastKnownFileType = wrapper.framework; path = ParseFacebookUtilsV4.framework; sourceTree = "<group>"; };
		9473D8791B6FA1D700B076ED /* selectVideoFrom.storyboard */ = {isa = PBXFileReference; fileEncoding = 4; lastKnownFileType = file.storyboard; path = selectVideoFrom.storyboard; sourceTree = "<group>"; };
		9473D87B1B6FA22A00B076ED /* SelectVideoFromViewController.swift */ = {isa = PBXFileReference; fileEncoding = 4; lastKnownFileType = sourcecode.swift; path = SelectVideoFromViewController.swift; sourceTree = "<group>"; };
		9473D87D1B6FAA0300B076ED /* Router.swift */ = {isa = PBXFileReference; fileEncoding = 4; lastKnownFileType = sourcecode.swift; path = Router.swift; sourceTree = "<group>"; };
		9473D8811B6FBAAE00B076ED /* FBUtility.swift */ = {isa = PBXFileReference; fileEncoding = 4; lastKnownFileType = sourcecode.swift; path = FBUtility.swift; sourceTree = "<group>"; };
		949F68741B6A76F900C9AD48 /* DubSwag.app */ = {isa = PBXFileReference; explicitFileType = wrapper.application; includeInIndex = 0; path = DubSwag.app; sourceTree = BUILT_PRODUCTS_DIR; };
		949F68781B6A76F900C9AD48 /* Info.plist */ = {isa = PBXFileReference; lastKnownFileType = text.plist.xml; path = Info.plist; sourceTree = "<group>"; };
		949F68791B6A76F900C9AD48 /* AppDelegate.swift */ = {isa = PBXFileReference; lastKnownFileType = sourcecode.swift; path = AppDelegate.swift; sourceTree = "<group>"; };
		949F687B1B6A76F900C9AD48 /* ViewController.swift */ = {isa = PBXFileReference; lastKnownFileType = sourcecode.swift; path = ViewController.swift; sourceTree = "<group>"; };
		949F687E1B6A76F900C9AD48 /* Base */ = {isa = PBXFileReference; lastKnownFileType = file.storyboard; name = Base; path = Base.lproj/Main.storyboard; sourceTree = "<group>"; };
		949F68801B6A76F900C9AD48 /* Images.xcassets */ = {isa = PBXFileReference; lastKnownFileType = folder.assetcatalog; path = Images.xcassets; sourceTree = "<group>"; };
		949F68831B6A76F900C9AD48 /* Base */ = {isa = PBXFileReference; lastKnownFileType = file.xib; name = Base; path = Base.lproj/LaunchScreen.xib; sourceTree = "<group>"; };
		949F68891B6A76F900C9AD48 /* DubSwagTests.xctest */ = {isa = PBXFileReference; explicitFileType = wrapper.cfbundle; includeInIndex = 0; path = DubSwagTests.xctest; sourceTree = BUILT_PRODUCTS_DIR; };
		949F688E1B6A76F900C9AD48 /* Info.plist */ = {isa = PBXFileReference; lastKnownFileType = text.plist.xml; path = Info.plist; sourceTree = "<group>"; };
		949F688F1B6A76F900C9AD48 /* DubSwagTests.swift */ = {isa = PBXFileReference; lastKnownFileType = sourcecode.swift; path = DubSwagTests.swift; sourceTree = "<group>"; };
		949F68991B6B5EAB00C9AD48 /* DugSwag-Bridging-Header.h */ = {isa = PBXFileReference; lastKnownFileType = sourcecode.c.h; path = "DugSwag-Bridging-Header.h"; sourceTree = "<group>"; };
		94CD56AF1B723FF5007EDEF6 /* DataManager.swift */ = {isa = PBXFileReference; fileEncoding = 4; lastKnownFileType = sourcecode.swift; path = DataManager.swift; sourceTree = "<group>"; };
		94CD56B11B724F2A007EDEF6 /* CategorySelectionViewController.swift */ = {isa = PBXFileReference; fileEncoding = 4; lastKnownFileType = sourcecode.swift; path = CategorySelectionViewController.swift; sourceTree = "<group>"; };
		94CD56B31B735E92007EDEF6 /* Category.swift */ = {isa = PBXFileReference; fileEncoding = 4; lastKnownFileType = sourcecode.swift; path = Category.swift; sourceTree = "<group>"; };
		94CD56B51B73718C007EDEF6 /* ParseManager.swift */ = {isa = PBXFileReference; fileEncoding = 4; lastKnownFileType = sourcecode.swift; path = ParseManager.swift; sourceTree = "<group>"; };
		94CD56B71B73A6E8007EDEF6 /* ListOfCategoryVideos.storyboard */ = {isa = PBXFileReference; fileEncoding = 4; lastKnownFileType = file.storyboard; path = ListOfCategoryVideos.storyboard; sourceTree = "<group>"; };
		94CD56B91B73AB79007EDEF6 /* ListofCategoryVideosViewController.swift */ = {isa = PBXFileReference; fileEncoding = 4; lastKnownFileType = sourcecode.swift; path = ListofCategoryVideosViewController.swift; sourceTree = "<group>"; };
		94CD56BB1B73ABDF007EDEF6 /* VideoTableViewCell.swift */ = {isa = PBXFileReference; fileEncoding = 4; lastKnownFileType = sourcecode.swift; path = VideoTableViewCell.swift; sourceTree = "<group>"; };
		94CD56BD1B73AF0C007EDEF6 /* UserVideos.swift */ = {isa = PBXFileReference; fileEncoding = 4; lastKnownFileType = sourcecode.swift; path = UserVideos.swift; sourceTree = "<group>"; };
		B0E23DC67E58CEAC17368BCC /* Pods-DubSwag.debug.xcconfig */ = {isa = PBXFileReference; includeInIndex = 1; lastKnownFileType = text.xcconfig; name = "Pods-DubSwag.debug.xcconfig"; path = "Pods/Target Support Files/Pods-DubSwag/Pods-DubSwag.debug.xcconfig"; sourceTree = "<group>"; };
/* End PBXFileReference section */

/* Begin PBXFrameworksBuildPhase section */
		949F68711B6A76F900C9AD48 /* Frameworks */ = {
			isa = PBXFrameworksBuildPhase;
			buildActionMask = 2147483647;
			files = (
				076E37DA9C7CCBFD423B8EEE /* libPods.a in Frameworks */,
				13D8F9B78B7C0ABABA1DDC82 /* libPods-DubSwag.a in Frameworks */,
				9473D8781B6F8D0800B076ED /* ParseFacebookUtilsV4.framework in Frameworks */,
			);
			runOnlyForDeploymentPostprocessing = 0;
		};
		949F68861B6A76F900C9AD48 /* Frameworks */ = {
			isa = PBXFrameworksBuildPhase;
			buildActionMask = 2147483647;
			files = (
			);
			runOnlyForDeploymentPostprocessing = 0;
		};
/* End PBXFrameworksBuildPhase section */

/* Begin PBXGroup section */
		949F686B1B6A76F900C9AD48 = {
			isa = PBXGroup;
			children = (
				949F68761B6A76F900C9AD48 /* DubSwag */,
				949F688C1B6A76F900C9AD48 /* DubSwagTests */,
				949F68751B6A76F900C9AD48 /* Products */,
				B847B60B03EB73017AE9C016 /* Pods */,
				DE2B642009F68CA25F901854 /* Frameworks */,
			);
			sourceTree = "<group>";
		};
		949F68751B6A76F900C9AD48 /* Products */ = {
			isa = PBXGroup;
			children = (
				949F68741B6A76F900C9AD48 /* DubSwag.app */,
				949F68891B6A76F900C9AD48 /* DubSwagTests.xctest */,
			);
			name = Products;
			sourceTree = "<group>";
		};
		949F68761B6A76F900C9AD48 /* DubSwag */ = {
			isa = PBXGroup;
			children = (
				949F68791B6A76F900C9AD48 /* AppDelegate.swift */,
				9473D8811B6FBAAE00B076ED /* FBUtility.swift */,
				949F687B1B6A76F900C9AD48 /* ViewController.swift */,
				9473D87D1B6FAA0300B076ED /* Router.swift */,
				949F687D1B6A76F900C9AD48 /* Main.storyboard */,
				9473D8791B6FA1D700B076ED /* selectVideoFrom.storyboard */,
				94CD56B71B73A6E8007EDEF6 /* ListOfCategoryVideos.storyboard */,
				94CD56B91B73AB79007EDEF6 /* ListofCategoryVideosViewController.swift */,
				94CD56BB1B73ABDF007EDEF6 /* VideoTableViewCell.swift */,
				94CD56B11B724F2A007EDEF6 /* CategorySelectionViewController.swift */,
				94CD56BD1B73AF0C007EDEF6 /* UserVideos.swift */,
				9416AA8F1B70CBCF00EB57A3 /* NavigationDrawerViewController.swift */,
				9473D87B1B6FA22A00B076ED /* SelectVideoFromViewController.swift */,
				94CD56B51B73718C007EDEF6 /* ParseManager.swift */,
				94CD56B31B735E92007EDEF6 /* Category.swift */,
				94CD56AF1B723FF5007EDEF6 /* DataManager.swift */,
				949F68801B6A76F900C9AD48 /* Images.xcassets */,
				949F68821B6A76F900C9AD48 /* LaunchScreen.xib */,
				949F68771B6A76F900C9AD48 /* Supporting Files */,
			);
			path = DubSwag;
			sourceTree = "<group>";
		};
		949F68771B6A76F900C9AD48 /* Supporting Files */ = {
			isa = PBXGroup;
			children = (
				949F68781B6A76F900C9AD48 /* Info.plist */,
			);
			name = "Supporting Files";
			sourceTree = "<group>";
		};
		949F688C1B6A76F900C9AD48 /* DubSwagTests */ = {
			isa = PBXGroup;
			children = (
				949F688F1B6A76F900C9AD48 /* DubSwagTests.swift */,
				949F688D1B6A76F900C9AD48 /* Supporting Files */,
			);
			path = DubSwagTests;
			sourceTree = "<group>";
		};
		949F688D1B6A76F900C9AD48 /* Supporting Files */ = {
			isa = PBXGroup;
			children = (
				949F68991B6B5EAB00C9AD48 /* DugSwag-Bridging-Header.h */,
				949F688E1B6A76F900C9AD48 /* Info.plist */,
			);
			name = "Supporting Files";
			sourceTree = "<group>";
		};
		B847B60B03EB73017AE9C016 /* Pods */ = {
			isa = PBXGroup;
			children = (
				B0E23DC67E58CEAC17368BCC /* Pods-DubSwag.debug.xcconfig */,
				4F7CCAAF116F02900487F269 /* Pods-DubSwag.release.xcconfig */,
			);
			name = Pods;
			sourceTree = "<group>";
		};
		DE2B642009F68CA25F901854 /* Frameworks */ = {
			isa = PBXGroup;
			children = (
				9473D8761B6F8D0800B076ED /* ParseFacebookUtilsV4.framework */,
				5E49E3AF911E7285CCD65770 /* libPods.a */,
				4D09EC600F49742688575ECF /* libPods-DubSwag.a */,
			);
			name = Frameworks;
			sourceTree = "<group>";
		};
/* End PBXGroup section */

/* Begin PBXNativeTarget section */
		949F68731B6A76F900C9AD48 /* DubSwag */ = {
			isa = PBXNativeTarget;
			buildConfigurationList = 949F68931B6A76F900C9AD48 /* Build configuration list for PBXNativeTarget "DubSwag" */;
			buildPhases = (
				C7EE6A5E70A4ADD92D131E03 /* Check Pods Manifest.lock */,
				949F68701B6A76F900C9AD48 /* Sources */,
				949F68711B6A76F900C9AD48 /* Frameworks */,
				949F68721B6A76F900C9AD48 /* Resources */,
				F6EB673A3E8C8E7296D9141F /* Copy Pods Resources */,
			);
			buildRules = (
			);
			dependencies = (
			);
			name = DubSwag;
			productName = DubSwag;
			productReference = 949F68741B6A76F900C9AD48 /* DubSwag.app */;
			productType = "com.apple.product-type.application";
		};
		949F68881B6A76F900C9AD48 /* DubSwagTests */ = {
			isa = PBXNativeTarget;
			buildConfigurationList = 949F68961B6A76F900C9AD48 /* Build configuration list for PBXNativeTarget "DubSwagTests" */;
			buildPhases = (
				949F68851B6A76F900C9AD48 /* Sources */,
				949F68861B6A76F900C9AD48 /* Frameworks */,
				949F68871B6A76F900C9AD48 /* Resources */,
			);
			buildRules = (
			);
			dependencies = (
				949F688B1B6A76F900C9AD48 /* PBXTargetDependency */,
			);
			name = DubSwagTests;
			productName = DubSwagTests;
			productReference = 949F68891B6A76F900C9AD48 /* DubSwagTests.xctest */;
			productType = "com.apple.product-type.bundle.unit-test";
		};
/* End PBXNativeTarget section */

/* Begin PBXProject section */
		949F686C1B6A76F900C9AD48 /* Project object */ = {
			isa = PBXProject;
			attributes = {
				LastUpgradeCheck = 0630;
				ORGANIZATIONNAME = "Talha Babar";
				TargetAttributes = {
					949F68731B6A76F900C9AD48 = {
						CreatedOnToolsVersion = 6.3.1;
					};
					949F68881B6A76F900C9AD48 = {
						CreatedOnToolsVersion = 6.3.1;
						TestTargetID = 949F68731B6A76F900C9AD48;
					};
				};
			};
			buildConfigurationList = 949F686F1B6A76F900C9AD48 /* Build configuration list for PBXProject "DubSwag" */;
			compatibilityVersion = "Xcode 3.2";
			developmentRegion = English;
			hasScannedForEncodings = 0;
			knownRegions = (
				en,
				Base,
			);
			mainGroup = 949F686B1B6A76F900C9AD48;
			productRefGroup = 949F68751B6A76F900C9AD48 /* Products */;
			projectDirPath = "";
			projectRoot = "";
			targets = (
				949F68731B6A76F900C9AD48 /* DubSwag */,
				949F68881B6A76F900C9AD48 /* DubSwagTests */,
			);
		};
/* End PBXProject section */

/* Begin PBXResourcesBuildPhase section */
		949F68721B6A76F900C9AD48 /* Resources */ = {
			isa = PBXResourcesBuildPhase;
			buildActionMask = 2147483647;
			files = (
				94CD56B81B73A6E8007EDEF6 /* ListOfCategoryVideos.storyboard in Resources */,
				9473D87A1B6FA1D700B076ED /* selectVideoFrom.storyboard in Resources */,
				949F687F1B6A76F900C9AD48 /* Main.storyboard in Resources */,
				949F68841B6A76F900C9AD48 /* LaunchScreen.xib in Resources */,
				949F68811B6A76F900C9AD48 /* Images.xcassets in Resources */,
			);
			runOnlyForDeploymentPostprocessing = 0;
		};
		949F68871B6A76F900C9AD48 /* Resources */ = {
			isa = PBXResourcesBuildPhase;
			buildActionMask = 2147483647;
			files = (
			);
			runOnlyForDeploymentPostprocessing = 0;
		};
/* End PBXResourcesBuildPhase section */

/* Begin PBXShellScriptBuildPhase section */
		C7EE6A5E70A4ADD92D131E03 /* Check Pods Manifest.lock */ = {
			isa = PBXShellScriptBuildPhase;
			buildActionMask = 2147483647;
			files = (
			);
			inputPaths = (
			);
			name = "Check Pods Manifest.lock";
			outputPaths = (
			);
			runOnlyForDeploymentPostprocessing = 0;
			shellPath = /bin/sh;
			shellScript = "diff \"${PODS_ROOT}/../Podfile.lock\" \"${PODS_ROOT}/Manifest.lock\" > /dev/null\nif [[ $? != 0 ]] ; then\n    cat << EOM\nerror: The sandbox is not in sync with the Podfile.lock. Run 'pod install' or update your CocoaPods installation.\nEOM\n    exit 1\nfi\n";
			showEnvVarsInLog = 0;
		};
		F6EB673A3E8C8E7296D9141F /* Copy Pods Resources */ = {
			isa = PBXShellScriptBuildPhase;
			buildActionMask = 2147483647;
			files = (
			);
			inputPaths = (
			);
			name = "Copy Pods Resources";
			outputPaths = (
			);
			runOnlyForDeploymentPostprocessing = 0;
			shellPath = /bin/sh;
			shellScript = "\"${SRCROOT}/Pods/Target Support Files/Pods-DubSwag/Pods-DubSwag-resources.sh\"\n";
			showEnvVarsInLog = 0;
		};
/* End PBXShellScriptBuildPhase section */

/* Begin PBXSourcesBuildPhase section */
		949F68701B6A76F900C9AD48 /* Sources */ = {
			isa = PBXSourcesBuildPhase;
			buildActionMask = 2147483647;
			files = (
				9473D87E1B6FAA0300B076ED /* Router.swift in Sources */,
				94CD56BA1B73AB79007EDEF6 /* ListofCategoryVideosViewController.swift in Sources */,
				94CD56BE1B73AF0C007EDEF6 /* UserVideos.swift in Sources */,
				94CD56B61B73718C007EDEF6 /* ParseManager.swift in Sources */,
				9416AA901B70CBCF00EB57A3 /* NavigationDrawerViewController.swift in Sources */,
				949F687C1B6A76F900C9AD48 /* ViewController.swift in Sources */,
				94CD56BC1B73ABDF007EDEF6 /* VideoTableViewCell.swift in Sources */,
				94CD56B21B724F2A007EDEF6 /* CategorySelectionViewController.swift in Sources */,
				94CD56B01B723FF5007EDEF6 /* DataManager.swift in Sources */,
				94CD56B41B735E92007EDEF6 /* Category.swift in Sources */,
				9473D8821B6FBAAE00B076ED /* FBUtility.swift in Sources */,
				949F687A1B6A76F900C9AD48 /* AppDelegate.swift in Sources */,
				9473D87C1B6FA22A00B076ED /* SelectVideoFromViewController.swift in Sources */,
			);
			runOnlyForDeploymentPostprocessing = 0;
		};
		949F68851B6A76F900C9AD48 /* Sources */ = {
			isa = PBXSourcesBuildPhase;
			buildActionMask = 2147483647;
			files = (
				949F68901B6A76F900C9AD48 /* DubSwagTests.swift in Sources */,
			);
			runOnlyForDeploymentPostprocessing = 0;
		};
/* End PBXSourcesBuildPhase section */

/* Begin PBXTargetDependency section */
		949F688B1B6A76F900C9AD48 /* PBXTargetDependency */ = {
			isa = PBXTargetDependency;
			target = 949F68731B6A76F900C9AD48 /* DubSwag */;
			targetProxy = 949F688A1B6A76F900C9AD48 /* PBXContainerItemProxy */;
		};
/* End PBXTargetDependency section */

/* Begin PBXVariantGroup section */
		949F687D1B6A76F900C9AD48 /* Main.storyboard */ = {
			isa = PBXVariantGroup;
			children = (
				949F687E1B6A76F900C9AD48 /* Base */,
			);
			name = Main.storyboard;
			sourceTree = "<group>";
		};
		949F68821B6A76F900C9AD48 /* LaunchScreen.xib */ = {
			isa = PBXVariantGroup;
			children = (
				949F68831B6A76F900C9AD48 /* Base */,
			);
			name = LaunchScreen.xib;
			sourceTree = "<group>";
		};
/* End PBXVariantGroup section */

/* Begin XCBuildConfiguration section */
		949F68911B6A76F900C9AD48 /* Debug */ = {
			isa = XCBuildConfiguration;
			buildSettings = {
				ALWAYS_SEARCH_USER_PATHS = NO;
				CLANG_CXX_LANGUAGE_STANDARD = "gnu++0x";
				CLANG_CXX_LIBRARY = "libc++";
				CLANG_ENABLE_MODULES = YES;
				CLANG_ENABLE_OBJC_ARC = YES;
				CLANG_WARN_BOOL_CONVERSION = YES;
				CLANG_WARN_CONSTANT_CONVERSION = YES;
				CLANG_WARN_DIRECT_OBJC_ISA_USAGE = YES_ERROR;
				CLANG_WARN_EMPTY_BODY = YES;
				CLANG_WARN_ENUM_CONVERSION = YES;
				CLANG_WARN_INT_CONVERSION = YES;
				CLANG_WARN_OBJC_ROOT_CLASS = YES_ERROR;
				CLANG_WARN_UNREACHABLE_CODE = YES;
				CLANG_WARN__DUPLICATE_METHOD_MATCH = YES;
				"CODE_SIGN_IDENTITY[sdk=iphoneos*]" = "iPhone Developer";
				COPY_PHASE_STRIP = NO;
				DEBUG_INFORMATION_FORMAT = "dwarf-with-dsym";
				ENABLE_STRICT_OBJC_MSGSEND = YES;
				GCC_C_LANGUAGE_STANDARD = gnu99;
				GCC_DYNAMIC_NO_PIC = NO;
				GCC_NO_COMMON_BLOCKS = YES;
				GCC_OPTIMIZATION_LEVEL = 0;
				GCC_PREPROCESSOR_DEFINITIONS = (
					"DEBUG=1",
					"$(inherited)",
				);
				GCC_SYMBOLS_PRIVATE_EXTERN = NO;
				GCC_WARN_64_TO_32_BIT_CONVERSION = YES;
				GCC_WARN_ABOUT_RETURN_TYPE = YES_ERROR;
				GCC_WARN_UNDECLARED_SELECTOR = YES;
				GCC_WARN_UNINITIALIZED_AUTOS = YES_AGGRESSIVE;
				GCC_WARN_UNUSED_FUNCTION = YES;
				GCC_WARN_UNUSED_VARIABLE = YES;
				IPHONEOS_DEPLOYMENT_TARGET = 8.3;
				MTL_ENABLE_DEBUG_INFO = YES;
				ONLY_ACTIVE_ARCH = YES;
				SDKROOT = iphoneos;
				SWIFT_OPTIMIZATION_LEVEL = "-Onone";
				TARGETED_DEVICE_FAMILY = "1,2";
			};
			name = Debug;
		};
		949F68921B6A76F900C9AD48 /* Release */ = {
			isa = XCBuildConfiguration;
			buildSettings = {
				ALWAYS_SEARCH_USER_PATHS = NO;
				CLANG_CXX_LANGUAGE_STANDARD = "gnu++0x";
				CLANG_CXX_LIBRARY = "libc++";
				CLANG_ENABLE_MODULES = YES;
				CLANG_ENABLE_OBJC_ARC = YES;
				CLANG_WARN_BOOL_CONVERSION = YES;
				CLANG_WARN_CONSTANT_CONVERSION = YES;
				CLANG_WARN_DIRECT_OBJC_ISA_USAGE = YES_ERROR;
				CLANG_WARN_EMPTY_BODY = YES;
				CLANG_WARN_ENUM_CONVERSION = YES;
				CLANG_WARN_INT_CONVERSION = YES;
				CLANG_WARN_OBJC_ROOT_CLASS = YES_ERROR;
				CLANG_WARN_UNREACHABLE_CODE = YES;
				CLANG_WARN__DUPLICATE_METHOD_MATCH = YES;
				"CODE_SIGN_IDENTITY[sdk=iphoneos*]" = "iPhone Developer";
				COPY_PHASE_STRIP = NO;
				DEBUG_INFORMATION_FORMAT = "dwarf-with-dsym";
				ENABLE_NS_ASSERTIONS = NO;
				ENABLE_STRICT_OBJC_MSGSEND = YES;
				GCC_C_LANGUAGE_STANDARD = gnu99;
				GCC_NO_COMMON_BLOCKS = YES;
				GCC_WARN_64_TO_32_BIT_CONVERSION = YES;
				GCC_WARN_ABOUT_RETURN_TYPE = YES_ERROR;
				GCC_WARN_UNDECLARED_SELECTOR = YES;
				GCC_WARN_UNINITIALIZED_AUTOS = YES_AGGRESSIVE;
				GCC_WARN_UNUSED_FUNCTION = YES;
				GCC_WARN_UNUSED_VARIABLE = YES;
				IPHONEOS_DEPLOYMENT_TARGET = 8.3;
				MTL_ENABLE_DEBUG_INFO = NO;
				SDKROOT = iphoneos;
				TARGETED_DEVICE_FAMILY = "1,2";
				VALIDATE_PRODUCT = YES;
			};
			name = Release;
		};
		949F68941B6A76F900C9AD48 /* Debug */ = {
			isa = XCBuildConfiguration;
			baseConfigurationReference = B0E23DC67E58CEAC17368BCC /* Pods-DubSwag.debug.xcconfig */;
			buildSettings = {
				ASSETCATALOG_COMPILER_APPICON_NAME = AppIcon;
				FRAMEWORK_SEARCH_PATHS = (
					"$(inherited)",
					"$(PROJECT_DIR)/parse-library-1",
					"$(PROJECT_DIR)",
				);
				INFOPLIST_FILE = DubSwag/Info.plist;
				LD_RUNPATH_SEARCH_PATHS = "$(inherited) @executable_path/Frameworks";
				PRODUCT_NAME = "$(TARGET_NAME)";
				SWIFT_OBJC_BRIDGING_HEADER = "/Users/talhababar/Desktop/DubSwag/DubSwagTests/DugSwag-Bridging-Header.h";
			};
			name = Debug;
		};
		949F68951B6A76F900C9AD48 /* Release */ = {
			isa = XCBuildConfiguration;
			baseConfigurationReference = 4F7CCAAF116F02900487F269 /* Pods-DubSwag.release.xcconfig */;
			buildSettings = {
				ASSETCATALOG_COMPILER_APPICON_NAME = AppIcon;
				FRAMEWORK_SEARCH_PATHS = (
					"$(inherited)",
					"$(PROJECT_DIR)/parse-library-1",
					"$(PROJECT_DIR)",
				);
				INFOPLIST_FILE = DubSwag/Info.plist;
				LD_RUNPATH_SEARCH_PATHS = "$(inherited) @executable_path/Frameworks";
				PRODUCT_NAME = "$(TARGET_NAME)";
				SWIFT_OBJC_BRIDGING_HEADER = "/Users/talhababar/Desktop/DubSwag/DubSwagTests/DugSwag-Bridging-Header.h";
			};
			name = Release;
		};
		949F68971B6A76F900C9AD48 /* Debug */ = {
			isa = XCBuildConfiguration;
			buildSettings = {
				BUNDLE_LOADER = "$(TEST_HOST)";
				FRAMEWORK_SEARCH_PATHS = (
					"$(SDKROOT)/Developer/Library/Frameworks",
					"$(inherited)",
				);
				GCC_PREPROCESSOR_DEFINITIONS = (
					"DEBUG=1",
					"$(inherited)",
				);
				INFOPLIST_FILE = DubSwagTests/Info.plist;
				LD_RUNPATH_SEARCH_PATHS = "$(inherited) @executable_path/Frameworks @loader_path/Frameworks";
				PRODUCT_NAME = "$(TARGET_NAME)";
				TEST_HOST = "$(BUILT_PRODUCTS_DIR)/DubSwag.app/DubSwag";
			};
			name = Debug;
		};
		949F68981B6A76F900C9AD48 /* Release */ = {
			isa = XCBuildConfiguration;
			buildSettings = {
				BUNDLE_LOADER = "$(TEST_HOST)";
				FRAMEWORK_SEARCH_PATHS = (
					"$(SDKROOT)/Developer/Library/Frameworks",
					"$(inherited)",
				);
				INFOPLIST_FILE = DubSwagTests/Info.plist;
				LD_RUNPATH_SEARCH_PATHS = "$(inherited) @executable_path/Frameworks @loader_path/Frameworks";
				PRODUCT_NAME = "$(TARGET_NAME)";
				TEST_HOST = "$(BUILT_PRODUCTS_DIR)/DubSwag.app/DubSwag";
			};
			name = Release;
		};
/* End XCBuildConfiguration section */

/* Begin XCConfigurationList section */
		949F686F1B6A76F900C9AD48 /* Build configuration list for PBXProject "DubSwag" */ = {
			isa = XCConfigurationList;
			buildConfigurations = (
				949F68911B6A76F900C9AD48 /* Debug */,
				949F68921B6A76F900C9AD48 /* Release */,
			);
			defaultConfigurationIsVisible = 0;
			defaultConfigurationName = Release;
		};
		949F68931B6A76F900C9AD48 /* Build configuration list for PBXNativeTarget "DubSwag" */ = {
			isa = XCConfigurationList;
			buildConfigurations = (
				949F68941B6A76F900C9AD48 /* Debug */,
				949F68951B6A76F900C9AD48 /* Release */,
			);
			defaultConfigurationIsVisible = 0;
			defaultConfigurationName = Release;
		};
		949F68961B6A76F900C9AD48 /* Build configuration list for PBXNativeTarget "DubSwagTests" */ = {
			isa = XCConfigurationList;
			buildConfigurations = (
				949F68971B6A76F900C9AD48 /* Debug */,
				949F68981B6A76F900C9AD48 /* Release */,
			);
			defaultConfigurationIsVisible = 0;
			defaultConfigurationName = Release;
		};
/* End XCConfigurationList section */
	};
	rootObject = 949F686C1B6A76F900C9AD48 /* Project object */;
}
